# This file is automatically @generated by Poetry 1.5.1 and should not be changed by hand.

[[package]]
name = "certifi"
version = "2023.7.22"
description = "Python package for providing Mozilla's CA Bundle."
optional = false
python-versions = ">=3.6"
files = [
    {file = "certifi-2023.7.22-py3-none-any.whl", hash = "sha256:92d6037539857d8206b8f6ae472e8b77db8058fec5937a1ef3f54304089edbb9"},
    {file = "certifi-2023.7.22.tar.gz", hash = "sha256:539cc1d13202e33ca466e88b2807e29f4c13049d6d87031a3c110744495cb082"},
]

[[package]]
name = "pulsar-client"
version = "3.3.0"
description = "Apache Pulsar Python client library"
optional = false
python-versions = "*"
files = [
    {file = "pulsar_client-3.3.0-cp310-cp310-macosx_10_15_universal2.whl", hash = "sha256:c31afd3e67a044ff93177df89e08febf214cc965e95ede097d9fe8755af00e01"},
    {file = "pulsar_client-3.3.0-cp310-cp310-manylinux_2_17_aarch64.manylinux2014_aarch64.whl", hash = "sha256:1f66982284571674b215324cc26b5c2f7c56c7043113c47a7084cb70d67a8afb"},
    {file = "pulsar_client-3.3.0-cp310-cp310-manylinux_2_17_x86_64.manylinux2014_x86_64.whl", hash = "sha256:7fe50a06f81c48a75a9b95c27a6446260039adca71d9face273740de96b2efca"},
    {file = "pulsar_client-3.3.0-cp310-cp310-musllinux_1_1_aarch64.whl", hash = "sha256:d4c46a4b96a6e9919cfe220156d69a2ede8053d9ea1add4ada108abcf2ba9775"},
    {file = "pulsar_client-3.3.0-cp310-cp310-musllinux_1_1_x86_64.whl", hash = "sha256:1e4b5d44b992c9b036286b483f3588c10b89c6047fb59d80c7474445997f4e10"},
    {file = "pulsar_client-3.3.0-cp310-cp310-win_amd64.whl", hash = "sha256:497a59ac6b650835a3b2c502f53477e5c98e5226998ca3f17c0b0a3eb4d67d08"},
    {file = "pulsar_client-3.3.0-cp311-cp311-macosx_10_15_universal2.whl", hash = "sha256:386e78ff52058d881780bae1f6e84ac9434ae0b01a8581755ca8cc0dc844a332"},
    {file = "pulsar_client-3.3.0-cp311-cp311-manylinux_2_17_aarch64.manylinux2014_aarch64.whl", hash = "sha256:3e4ecb780df58bcfd3918590bd3ff31ed79bccfbef3a1a60370642eb1e14a9d2"},
    {file = "pulsar_client-3.3.0-cp311-cp311-manylinux_2_17_x86_64.manylinux2014_x86_64.whl", hash = "sha256:7ce1e215c252f22a6f26ca5e9076826041a04d88dc213b92c86b524be2774a64"},
    {file = "pulsar_client-3.3.0-cp311-cp311-musllinux_1_1_aarch64.whl", hash = "sha256:88b0fd5be73a4103986b9dbe3a66468cf8829371e34af87ff8f216e3980f4cbe"},
    {file = "pulsar_client-3.3.0-cp311-cp311-musllinux_1_1_x86_64.whl", hash = "sha256:33656450536d83eed1563ff09692c2c415fb199d88e9ed97d701ca446a119e1b"},
    {file = "pulsar_client-3.3.0-cp311-cp311-win_amd64.whl", hash = "sha256:ce33de700b06583df8777e139d68cb4b4b3d0a2eac168d74278d8935f357fb10"},
    {file = "pulsar_client-3.3.0-cp37-cp37m-macosx_10_15_universal2.whl", hash = "sha256:7b5dd25cf778d6c980d36c53081e843ea272afe7af4f0ad6394ae9513f94641b"},
    {file = "pulsar_client-3.3.0-cp37-cp37m-manylinux_2_17_aarch64.manylinux2014_aarch64.whl", hash = "sha256:33c4e6865fda62a2e460f823dce4d49ac2973a4459b8ff99eda5fdd6aaaebf46"},
    {file = "pulsar_client-3.3.0-cp37-cp37m-manylinux_2_17_x86_64.manylinux2014_x86_64.whl", hash = "sha256:f1810ddc623c8de2675d17405ce47057a9a2b92298e708ce4d9564847f5ad904"},
    {file = "pulsar_client-3.3.0-cp37-cp37m-musllinux_1_1_aarch64.whl", hash = "sha256:8259c3b856eb6deaa1f93dce893ab18d99d36d102da5612c8e97a4fb41b70ab1"},
    {file = "pulsar_client-3.3.0-cp37-cp37m-musllinux_1_1_x86_64.whl", hash = "sha256:5e7a48b2e505cde758fd51a601b5da0671fa98c9baee38362aaaa3ab2b930c28"},
    {file = "pulsar_client-3.3.0-cp37-cp37m-win_amd64.whl", hash = "sha256:ede264385d47257b2f2b08ecde9181ec5338bea5639cc543d1856f01736778d2"},
    {file = "pulsar_client-3.3.0-cp38-cp38-macosx_10_15_universal2.whl", hash = "sha256:0f64c62746ccd5b65a0c505f5f40b9af1f147eb1fa2d8f9c90cd5c8b92dd8597"},
    {file = "pulsar_client-3.3.0-cp38-cp38-manylinux_2_17_aarch64.manylinux2014_aarch64.whl", hash = "sha256:5b84a20c9012e3c4ef1b7085acd7467197118c090b378dec27d773fb79d91556"},
    {file = "pulsar_client-3.3.0-cp38-cp38-manylinux_2_17_x86_64.manylinux2014_x86_64.whl", hash = "sha256:c4e15fa696e275ccb66d0791fdc19c4dea0420d81349c8055e485b134125e14f"},
    {file = "pulsar_client-3.3.0-cp38-cp38-musllinux_1_1_aarch64.whl", hash = "sha256:72cbb1bdcba2dd1265296b5ba65331622ee89c16db75edaad46dd7b90c6dd447"},
    {file = "pulsar_client-3.3.0-cp38-cp38-musllinux_1_1_x86_64.whl", hash = "sha256:d54dd12955bf587dd46d9184444af5e853d9da2a14bbfb739ed2c7c3b78ce280"},
    {file = "pulsar_client-3.3.0-cp38-cp38-win_amd64.whl", hash = "sha256:43f98afdf0334b2b957a4d96f97a1fe8a7f7fd1e2631d40c3f00b4162f396485"},
    {file = "pulsar_client-3.3.0-cp39-cp39-macosx_10_15_universal2.whl", hash = "sha256:efe7c1e6a96daccc522c3567b6847ffa54c13e0f510d9a427b4aeff9fbebe54b"},
    {file = "pulsar_client-3.3.0-cp39-cp39-manylinux_2_17_aarch64.manylinux2014_aarch64.whl", hash = "sha256:f28e94420090fceeb38e23fc744f3edf8710e48314ef5927d2b674a1d1e43ee0"},
    {file = "pulsar_client-3.3.0-cp39-cp39-manylinux_2_17_x86_64.manylinux2014_x86_64.whl", hash = "sha256:42c8f3eaa98e2351805ecb6efb6d5fedf47a314a3ce6af0e05ea1449ea7244ed"},
    {file = "pulsar_client-3.3.0-cp39-cp39-musllinux_1_1_aarch64.whl", hash = "sha256:5e69750f8ae57e55fddf97b459ce0d8b38b2bb85f464a71e871ee6a86d893be7"},
    {file = "pulsar_client-3.3.0-cp39-cp39-musllinux_1_1_x86_64.whl", hash = "sha256:7e147e5ba460c1818bc05254279a885b4e552bcafb8961d40e31f98d5ff46628"},
    {file = "pulsar_client-3.3.0-cp39-cp39-win_amd64.whl", hash = "sha256:694530af1d6c75fb81456fb509778c1868adee31e997ddece6e21678200182ea"},
]

[package.dependencies]
certifi = "*"

[package.extras]
all = ["apache-bookkeeper-client (>=4.16.1)", "fastavro (==1.7.3)", "grpcio (>=1.8.2)", "prometheus-client", "protobuf (>=3.6.1,<=3.20.3)", "ratelimit"]
avro = ["fastavro (==1.7.3)"]
functions = ["apache-bookkeeper-client (>=4.16.1)", "grpcio (>=1.8.2)", "prometheus-client", "protobuf (>=3.6.1,<=3.20.3)", "ratelimit"]

[[package]]
name = "websocket-client"
version = "1.6.2"
description = "WebSocket client for Python with low level API options"
optional = false
python-versions = ">=3.8"
files = [
    {file = "websocket-client-1.6.2.tar.gz", hash = "sha256:53e95c826bf800c4c465f50093a8c4ff091c7327023b10bfaff40cf1ef170eaa"},
    {file = "websocket_client-1.6.2-py3-none-any.whl", hash = "sha256:ce54f419dfae71f4bdba69ebe65bf7f0a93fe71bc009ad3a010aacc3eebad537"},
]

[package.extras]
docs = ["Sphinx (>=6.0)", "sphinx-rtd-theme (>=1.1.0)"]
optional = ["python-socks", "wsaccel"]
test = ["websockets"]

[metadata]
lock-version = "2.0"
python-versions = "^3.11"
content-hash = "0b0687d19838c61b46a141838ec03c8bc5c4498081520fe4625aeef90a5a2b5c"
